
Microsoft Visual Studio Solution File, Format Version 12.00
# Visual Studio 15
VisualStudioVersion = 15.0.27130.2010
MinimumVisualStudioVersion = 10.0.40219.1
Project("{9A19103F-16F7-4668-BE54-9A1E7A4F7556}") = "Microsoft.Extensions.Logging.Slack", "Microsoft.Extensions.Logging.Slack\Microsoft.Extensions.Logging.Slack.csproj", "{04BF7D5D-F0B5-401C-A821-6F6B75B48054}"
EndProject
Project("{9A19103F-16F7-4668-BE54-9A1E7A4F7556}") = "Microsoft.Extensions.Logging.Slack.Tests", "Microsoft.Extensions.Logging.Slack.Tests\Microsoft.Extensions.Logging.Slack.Tests.csproj", "{EC7EC1FC-BF60-425D-A9D5-FB2882C17A27}"
EndProject
Global
	GlobalSection(SolutionConfigurationPlatforms) = preSolution
		Debug|Any CPU = Debug|Any CPU
		Release|Any CPU = Release|Any CPU
	EndGlobalSection
	GlobalSection(ProjectConfigurationPlatforms) = postSolution
		{04BF7D5D-F0B5-401C-A821-6F6B75B48054}.Debug|Any CPU.ActiveCfg = Debug|Any CPU
		{04BF7D5D-F0B5-401C-A821-6F6B75B48054}.Debug|Any CPU.Build.0 = Debug|Any CPU
		{04BF7D5D-F0B5-401C-A821-6F6B75B48054}.Release|Any CPU.ActiveCfg = Release|Any CPU
		{04BF7D5D-F0B5-401C-A821-6F6B75B48054}.Release|Any CPU.Build.0 = Release|Any CPU
		{EC7EC1FC-BF60-425D-A9D5-FB2882C17A27}.Debug|Any CPU.ActiveCfg = Debug|Any CPU
		{EC7EC1FC-BF60-425D-A9D5-FB2882C17A27}.Debug|Any CPU.Build.0 = Debug|Any CPU
		{EC7EC1FC-BF60-425D-A9D5-FB2882C17A27}.Release|Any CPU.ActiveCfg = Release|Any CPU
		{EC7EC1FC-BF60-425D-A9D5-FB2882C17A27}.Release|Any CPU.Build.0 = Release|Any CPU
	EndGlobalSection
	GlobalSection(SolutionProperties) = preSolution
		HideSolutionNode = FALSE
	EndGlobalSection
	GlobalSection(ExtensibilityGlobals) = postSolution
		SolutionGuid = {9340BE0B-A452-4902-A496-8C442CA99F7C}
	EndGlobalSection
EndGlobal
